<Solution>
  <Folder Name="/Task0/">
    <Project Path="Tyuiu.BedenkoAN.Sprint2.Task0.V16.Lib/Tyuiu.BedenkoAN.Sprint2.Task0.V16.Lib.csproj" />
    <Project Path="Tyuiu.BedenkoAN.Sprint2.Task0.V16.Test/Tyuiu.BedenkoAN.Sprint2.Task0.V16.Test.csproj" />
    <Project Path="Tyuiu.BedenkoAN.Sprint2.Task0.V16/Tyuiu.BedenkoAN.Sprint2.Task0.V16.csproj" />
  </Folder>
  <Folder Name="/Task1/">
    <Project Path="Tyuiu.BedenkoAN.Sprint2.Task1.V13.Lib/Tyuiu.BedenkoAN.Sprint2.Task1.V13.Lib.csproj" />
    <Project Path="Tyuiu.BedenkoAN.Sprint2.Task1.V13.Test/Tyuiu.BedenkoAN.Sprint2.Task1.V13.Test.csproj" />
    <Project Path="Tyuiu.BedenkoAN.Sprint2.Task1.V13/Tyuiu.BedenkoAN.Sprint2.Task1.V13.csproj" />
  </Folder>
  <Folder Name="/Task2/">
    <Project Path="Tyuiu.BedenkoAN.Sprint2.Task2.V22.Lib/Tyuiu.BedenkoAN.Sprint2.Task2.V22.Lib.csproj" />
    <Project Path="Tyuiu.BedenkoAN.Sprint2.Task2.V22.Test/Tyuiu.BedenkoAN.Sprint2.Task2.V22.Test.csproj" />
    <Project Path="Tyuiu.BedenkoAN.Sprint2.Task2.V22/Tyuiu.BedenkoAN.Sprint2.Task2.V22.csproj" />
  </Folder>
  <Folder Name="/Task3/">
    <Project Path="Tyuiu.BedenkoAN.Sprint2.Task3.V5.Lib/Tyuiu.BedenkoAN.Sprint2.Task3.V5.Lib.csproj" Id="6c104f0d-a3f1-4ddd-a8d4-7ffe6c20027a" />
    <Project Path="Tyuiu.BedenkoAN.Sprint2.Task3.V5.Test/Tyuiu.BedenkoAN.Sprint2.Task3.V5.Test.csproj" Id="edd51d49-c544-4725-9580-47b2a3650ea5" />
    <Project Path="Tyuiu.BedenkoAN.Sprint2.Task3.V5/Tyuiu.BedenkoAN.Sprint2.Task3.V5.csproj" Id="0d9831b7-6429-4965-a735-39f0eddd470b" />
  </Folder>
  <Folder Name="/Task4/">
    <Project Path="Tyuiu.BedenkoAN.Sprint2.Task4.V18.Lib/Tyuiu.BedenkoAN.Sprint2.Task4.V18.Lib.csproj" Id="d517d9ff-d9ec-4096-b09b-e41cbcdd7b7a" />
    <Project Path="Tyuiu.BedenkoAN.Sprint2.Task4.V18.Test/Tyuiu.BedenkoAN.Sprint2.Task4.V18.Test.csproj" Id="62fd0f8e-b1ff-4518-851e-b609e5b7ab64" />
    <Project Path="Tyuiu.BedenkoAN.Sprint2.Task4.V18/Tyuiu.BedenkoAN.Sprint2.Task4.V18.csproj" Id="7f2c576d-3b33-479a-bf16-034344a13518" />
  </Folder>
</Solution>
