<Solution>
  <Folder Name="/Task0/">
    <Project Path="Tyuiu.BedenkoAN.Sprint2.Task0.V16.Lib/Tyuiu.BedenkoAN.Sprint2.Task0.V16.Lib.csproj" />
    <Project Path="Tyuiu.BedenkoAN.Sprint2.Task0.V16.Test/Tyuiu.BedenkoAN.Sprint2.Task0.V16.Test.csproj" />
    <Project Path="Tyuiu.BedenkoAN.Sprint2.Task0.V16/Tyuiu.BedenkoAN.Sprint2.Task0.V16.csproj" />
  </Folder>
  <Folder Name="/Task1/">
    <Project Path="Tyuiu.BedenkoAN.Sprint2.Task1.V13.Lib/Tyuiu.BedenkoAN.Sprint2.Task1.V13.Lib.csproj" />
    <Project Path="Tyuiu.BedenkoAN.Sprint2.Task1.V13.Test/Tyuiu.BedenkoAN.Sprint2.Task1.V13.Test.csproj" />
    <Project Path="Tyuiu.BedenkoAN.Sprint2.Task1.V13/Tyuiu.BedenkoAN.Sprint2.Task1.V13.csproj" />
  </Folder>
  <Folder Name="/Task2/">
    <Project Path="Tyuiu.BedenkoAN.Sprint2.Task2.V22.Lib/Tyuiu.BedenkoAN.Sprint2.Task2.V22.Lib.csproj" />
    <Project Path="Tyuiu.BedenkoAN.Sprint2.Task2.V22.Test/Tyuiu.BedenkoAN.Sprint2.Task2.V22.Test.csproj" />
    <Project Path="Tyuiu.BedenkoAN.Sprint2.Task2.V22/Tyuiu.BedenkoAN.Sprint2.Task2.V22.csproj" />
  </Folder>
</Solution>
